
Microsoft Visual Studio Solution File, Format Version 12.00
# Visual Studio Version 16
VisualStudioVersion = 16.0.30128.74
MinimumVisualStudioVersion = 10.0.40219.1
Project("{9A19103F-16F7-4668-BE54-9A1E7A4F7556}") = "JornalerosApp", "JornalerosApp\JornalerosApp.csproj", "{A3B58D97-BA7F-412E-9391-108CEAEE0B35}"
EndProject
Project("{9A19103F-16F7-4668-BE54-9A1E7A4F7556}") = "JornalerosApp.Shared", "JornalerosApp.Shared\JornalerosApp.Shared.csproj", "{2AD5A8BF-571D-4848-A41E-22D144248D41}"
EndProject
Project("{E53339B2-1760-4266-BCC7-CA923CBCF16C}") = "docker-compose", "docker-compose.dcproj", "{D23B5672-F457-412C-98EC-7C59CDA053E8}"
EndProject
Project("{9A19103F-16F7-4668-BE54-9A1E7A4F7556}") = "JornalerosApp.Infrastructure", "JornalerosApp.Infrastructure\JornalerosApp.Infrastructure.csproj", "{69D0BFC9-9531-4DB6-9CF6-B12C8694FA4F}"
EndProject
Project("{9A19103F-16F7-4668-BE54-9A1E7A4F7556}") = "JornalerosApp.Application", "JornalerosApp.Application\JornalerosApp.Application\JornalerosApp.Application.csproj", "{16A07D19-2113-445B-BC63-34C20EB83986}"
EndProject
Project("{2150E333-8FDC-42A3-9474-1A3956D46DE8}") = "RabbitMQ", "RabbitMQ", "{1F731B8A-AC79-4C20-9278-7001CEE2F55F}"
EndProject
Project("{9A19103F-16F7-4668-BE54-9A1E7A4F7556}") = "EventBusRabbitMQ", "RabbitMQ\EventBusRabbitMQ\EventBusRabbitMQ.csproj", "{9A1366A5-80FB-4F1D-A94D-60D2F29687C9}"
EndProject
Project("{9A19103F-16F7-4668-BE54-9A1E7A4F7556}") = "EmpresasApp", "EmpresasApp\EmpresasApp.csproj", "{EBF479B7-7813-4E0D-B81D-A2E7E246C7F4}"
EndProject
Project("{FAE04EC0-301F-11D3-BF4B-00C04F79EFBC}") = "OfertasApp", "OfertasApp\OfertasApp\OfertasApp.csproj", "{4706FA70-8392-4991-89D3-7AD839FD0D27}"
EndProject
Global
	GlobalSection(SolutionConfigurationPlatforms) = preSolution
		Debug|Any CPU = Debug|Any CPU
		Release|Any CPU = Release|Any CPU
	EndGlobalSection
	GlobalSection(ProjectConfigurationPlatforms) = postSolution
		{A3B58D97-BA7F-412E-9391-108CEAEE0B35}.Debug|Any CPU.ActiveCfg = Debug|Any CPU
		{A3B58D97-BA7F-412E-9391-108CEAEE0B35}.Debug|Any CPU.Build.0 = Debug|Any CPU
		{A3B58D97-BA7F-412E-9391-108CEAEE0B35}.Release|Any CPU.ActiveCfg = Release|Any CPU
		{A3B58D97-BA7F-412E-9391-108CEAEE0B35}.Release|Any CPU.Build.0 = Release|Any CPU
		{2AD5A8BF-571D-4848-A41E-22D144248D41}.Debug|Any CPU.ActiveCfg = Debug|Any CPU
		{2AD5A8BF-571D-4848-A41E-22D144248D41}.Debug|Any CPU.Build.0 = Debug|Any CPU
		{2AD5A8BF-571D-4848-A41E-22D144248D41}.Release|Any CPU.ActiveCfg = Release|Any CPU
		{2AD5A8BF-571D-4848-A41E-22D144248D41}.Release|Any CPU.Build.0 = Release|Any CPU
		{D23B5672-F457-412C-98EC-7C59CDA053E8}.Debug|Any CPU.ActiveCfg = Debug|Any CPU
		{D23B5672-F457-412C-98EC-7C59CDA053E8}.Debug|Any CPU.Build.0 = Debug|Any CPU
		{D23B5672-F457-412C-98EC-7C59CDA053E8}.Release|Any CPU.ActiveCfg = Release|Any CPU
		{D23B5672-F457-412C-98EC-7C59CDA053E8}.Release|Any CPU.Build.0 = Release|Any CPU
		{69D0BFC9-9531-4DB6-9CF6-B12C8694FA4F}.Debug|Any CPU.ActiveCfg = Debug|Any CPU
		{69D0BFC9-9531-4DB6-9CF6-B12C8694FA4F}.Debug|Any CPU.Build.0 = Debug|Any CPU
		{69D0BFC9-9531-4DB6-9CF6-B12C8694FA4F}.Release|Any CPU.ActiveCfg = Release|Any CPU
		{69D0BFC9-9531-4DB6-9CF6-B12C8694FA4F}.Release|Any CPU.Build.0 = Release|Any CPU
		{16A07D19-2113-445B-BC63-34C20EB83986}.Debug|Any CPU.ActiveCfg = Debug|Any CPU
		{16A07D19-2113-445B-BC63-34C20EB83986}.Debug|Any CPU.Build.0 = Debug|Any CPU
		{16A07D19-2113-445B-BC63-34C20EB83986}.Release|Any CPU.ActiveCfg = Release|Any CPU
		{16A07D19-2113-445B-BC63-34C20EB83986}.Release|Any CPU.Build.0 = Release|Any CPU
		{9A1366A5-80FB-4F1D-A94D-60D2F29687C9}.Debug|Any CPU.ActiveCfg = Debug|Any CPU
		{9A1366A5-80FB-4F1D-A94D-60D2F29687C9}.Debug|Any CPU.Build.0 = Debug|Any CPU
		{9A1366A5-80FB-4F1D-A94D-60D2F29687C9}.Release|Any CPU.ActiveCfg = Release|Any CPU
		{9A1366A5-80FB-4F1D-A94D-60D2F29687C9}.Release|Any CPU.Build.0 = Release|Any CPU
		{EBF479B7-7813-4E0D-B81D-A2E7E246C7F4}.Debug|Any CPU.ActiveCfg = Debug|Any CPU
		{EBF479B7-7813-4E0D-B81D-A2E7E246C7F4}.Debug|Any CPU.Build.0 = Debug|Any CPU
		{EBF479B7-7813-4E0D-B81D-A2E7E246C7F4}.Release|Any CPU.ActiveCfg = Release|Any CPU
		{EBF479B7-7813-4E0D-B81D-A2E7E246C7F4}.Release|Any CPU.Build.0 = Release|Any CPU
		{4706FA70-8392-4991-89D3-7AD839FD0D27}.Debug|Any CPU.ActiveCfg = Debug|Any CPU
		{4706FA70-8392-4991-89D3-7AD839FD0D27}.Debug|Any CPU.Build.0 = Debug|Any CPU
		{4706FA70-8392-4991-89D3-7AD839FD0D27}.Release|Any CPU.ActiveCfg = Release|Any CPU
		{4706FA70-8392-4991-89D3-7AD839FD0D27}.Release|Any CPU.Build.0 = Release|Any CPU
	EndGlobalSection
	GlobalSection(SolutionProperties) = preSolution
		HideSolutionNode = FALSE
	EndGlobalSection
	GlobalSection(NestedProjects) = preSolution
		{9A1366A5-80FB-4F1D-A94D-60D2F29687C9} = {1F731B8A-AC79-4C20-9278-7001CEE2F55F}
	EndGlobalSection
	GlobalSection(ExtensibilityGlobals) = postSolution
		SolutionGuid = {D57E45A0-24FB-4A0D-9CC0-58B1B2AB4C45}
	EndGlobalSection
EndGlobal
